// !$*UTF8*$!
{
	archiveVersion = 1;
	classes = {
	};
	objectVersion = 50;
	objects = {

/* Begin PBXBuildFile section */
		700B79BE216E70C40026D7E8 /* AppDelegate.swift in Sources */ = {isa = PBXBuildFile; fileRef = 700B79BD216E70C40026D7E8 /* AppDelegate.swift */; };
		700B79C3216E70C40026D7E8 /* Main.storyboard in Resources */ = {isa = PBXBuildFile; fileRef = 700B79C1216E70C40026D7E8 /* Main.storyboard */; };
		700B79C5216E70C50026D7E8 /* Assets.xcassets in Resources */ = {isa = PBXBuildFile; fileRef = 700B79C4216E70C50026D7E8 /* Assets.xcassets */; };
		700B79C8216E70C50026D7E8 /* LaunchScreen.storyboard in Resources */ = {isa = PBXBuildFile; fileRef = 700B79C6216E70C50026D7E8 /* LaunchScreen.storyboard */; };
		700B79D3216E73CB0026D7E8 /* SWRevealViewController.m in Sources */ = {isa = PBXBuildFile; fileRef = 700B79D2216E73CB0026D7E8 /* SWRevealViewController.m */; };
		700B79D8216E7AF70026D7E8 /* ChatVC.swift in Sources */ = {isa = PBXBuildFile; fileRef = 700B79D7216E7AF70026D7E8 /* ChatVC.swift */; };
		700B79DA216E7B0C0026D7E8 /* ChannelVC.swift in Sources */ = {isa = PBXBuildFile; fileRef = 700B79D9216E7B0C0026D7E8 /* ChannelVC.swift */; };
		703590D2216EA369000A1711 /* GradientView.swift in Sources */ = {isa = PBXBuildFile; fileRef = 703590D1216EA369000A1711 /* GradientView.swift */; };
		703590D521704413000A1711 /* Constants.swift in Sources */ = {isa = PBXBuildFile; fileRef = 703590D421704413000A1711 /* Constants.swift */; };
		703590D721704A43000A1711 /* LoginVC.swift in Sources */ = {isa = PBXBuildFile; fileRef = 703590D621704A43000A1711 /* LoginVC.swift */; };
		70C1C2682170EF5900244C34 /* CreateAccountVC.swift in Sources */ = {isa = PBXBuildFile; fileRef = 70C1C2672170EF5900244C34 /* CreateAccountVC.swift */; };
		893DF668CC739395B7CE50DE /* Pods_Smack1_1.framework in Frameworks */ = {isa = PBXBuildFile; fileRef = AC2A6B83F4896ADAF1045638 /* Pods_Smack1_1.framework */; };
/* End PBXBuildFile section */

/* Begin PBXFileReference section */
		0E41CB0E38840AF381812103 /* Pods-Smack1.1.debug.xcconfig */ = {isa = PBXFileReference; includeInIndex = 1; lastKnownFileType = text.xcconfig; name = "Pods-Smack1.1.debug.xcconfig"; path = "Pods/Target Support Files/Pods-Smack1.1/Pods-Smack1.1.debug.xcconfig"; sourceTree = "<group>"; };
		700B79BA216E70C40026D7E8 /* Smack1.1.app */ = {isa = PBXFileReference; explicitFileType = wrapper.application; includeInIndex = 0; path = Smack1.1.app; sourceTree = BUILT_PRODUCTS_DIR; };
		700B79BD216E70C40026D7E8 /* AppDelegate.swift */ = {isa = PBXFileReference; lastKnownFileType = sourcecode.swift; path = AppDelegate.swift; sourceTree = "<group>"; };
		700B79C2216E70C40026D7E8 /* Base */ = {isa = PBXFileReference; lastKnownFileType = file.storyboard; name = Base; path = Base.lproj/Main.storyboard; sourceTree = "<group>"; };
		700B79C4216E70C50026D7E8 /* Assets.xcassets */ = {isa = PBXFileReference; lastKnownFileType = folder.assetcatalog; path = Assets.xcassets; sourceTree = "<group>"; };
		700B79C7216E70C50026D7E8 /* Base */ = {isa = PBXFileReference; lastKnownFileType = file.storyboard; name = Base; path = Base.lproj/LaunchScreen.storyboard; sourceTree = "<group>"; };
		700B79C9216E70C50026D7E8 /* Info.plist */ = {isa = PBXFileReference; lastKnownFileType = text.plist.xml; path = Info.plist; sourceTree = "<group>"; };
		700B79D0216E73CA0026D7E8 /* Smack1.1-Bridging-Header.h */ = {isa = PBXFileReference; lastKnownFileType = sourcecode.c.h; path = "Smack1.1-Bridging-Header.h"; sourceTree = "<group>"; };
		700B79D1216E73CB0026D7E8 /* SWRevealViewController.h */ = {isa = PBXFileReference; fileEncoding = 4; lastKnownFileType = sourcecode.c.h; path = SWRevealViewController.h; sourceTree = "<group>"; };
		700B79D2216E73CB0026D7E8 /* SWRevealViewController.m */ = {isa = PBXFileReference; fileEncoding = 4; lastKnownFileType = sourcecode.c.objc; path = SWRevealViewController.m; sourceTree = "<group>"; };
		700B79D7216E7AF70026D7E8 /* ChatVC.swift */ = {isa = PBXFileReference; lastKnownFileType = sourcecode.swift; path = ChatVC.swift; sourceTree = "<group>"; };
		700B79D9216E7B0C0026D7E8 /* ChannelVC.swift */ = {isa = PBXFileReference; lastKnownFileType = sourcecode.swift; path = ChannelVC.swift; sourceTree = "<group>"; };
		703590D1216EA369000A1711 /* GradientView.swift */ = {isa = PBXFileReference; lastKnownFileType = sourcecode.swift; path = GradientView.swift; sourceTree = "<group>"; };
		703590D421704413000A1711 /* Constants.swift */ = {isa = PBXFileReference; lastKnownFileType = sourcecode.swift; path = Constants.swift; sourceTree = "<group>"; };
		703590D621704A43000A1711 /* LoginVC.swift */ = {isa = PBXFileReference; lastKnownFileType = sourcecode.swift; path = LoginVC.swift; sourceTree = "<group>"; };
		70C1C2672170EF5900244C34 /* CreateAccountVC.swift */ = {isa = PBXFileReference; lastKnownFileType = sourcecode.swift; path = CreateAccountVC.swift; sourceTree = "<group>"; };
		85BEF00898827C07F1B1EEAC /* Pods-Smack1.1.release.xcconfig */ = {isa = PBXFileReference; includeInIndex = 1; lastKnownFileType = text.xcconfig; name = "Pods-Smack1.1.release.xcconfig"; path = "Pods/Target Support Files/Pods-Smack1.1/Pods-Smack1.1.release.xcconfig"; sourceTree = "<group>"; };
		AC2A6B83F4896ADAF1045638 /* Pods_Smack1_1.framework */ = {isa = PBXFileReference; explicitFileType = wrapper.framework; includeInIndex = 0; path = Pods_Smack1_1.framework; sourceTree = BUILT_PRODUCTS_DIR; };
/* End PBXFileReference section */

/* Begin PBXFrameworksBuildPhase section */
		700B79B7216E70C40026D7E8 /* Frameworks */ = {
			isa = PBXFrameworksBuildPhase;
			buildActionMask = 2147483647;
			files = (
				893DF668CC739395B7CE50DE /* Pods_Smack1_1.framework in Frameworks */,
			);
			runOnlyForDeploymentPostprocessing = 0;
		};
/* End PBXFrameworksBuildPhase section */

/* Begin PBXGroup section */
		700B79B1216E70C40026D7E8 = {
			isa = PBXGroup;
			children = (
				700B79BC216E70C40026D7E8 /* Smack1.1 */,
				700B79BB216E70C40026D7E8 /* Products */,
				BAA6D8542A04E22459F32F6A /* Pods */,
				CA83D3D68A711ED852B4E138 /* Frameworks */,
			);
			sourceTree = "<group>";
		};
		700B79BB216E70C40026D7E8 /* Products */ = {
			isa = PBXGroup;
			children = (
				700B79BA216E70C40026D7E8 /* Smack1.1.app */,
			);
			name = Products;
			sourceTree = "<group>";
		};
		700B79BC216E70C40026D7E8 /* Smack1.1 */ = {
			isa = PBXGroup;
			children = (
				703590D3217043CE000A1711 /* Utilities */,
				700B79D6216E7AA90026D7E8 /* Model */,
				700B79D5216E7AA10026D7E8 /* View */,
				700B79D4216E7A990026D7E8 /* Controller */,
				700B79CF216E73990026D7E8 /* Supporting Files */,
				700B79BD216E70C40026D7E8 /* AppDelegate.swift */,
				700B79C1216E70C40026D7E8 /* Main.storyboard */,
				700B79C4216E70C50026D7E8 /* Assets.xcassets */,
				700B79C6216E70C50026D7E8 /* LaunchScreen.storyboard */,
				700B79C9216E70C50026D7E8 /* Info.plist */,
			);
			path = Smack1.1;
			sourceTree = "<group>";
		};
		700B79CF216E73990026D7E8 /* Supporting Files */ = {
			isa = PBXGroup;
			children = (
				700B79D1216E73CB0026D7E8 /* SWRevealViewController.h */,
				700B79D2216E73CB0026D7E8 /* SWRevealViewController.m */,
				700B79D0216E73CA0026D7E8 /* Smack1.1-Bridging-Header.h */,
			);
			path = "Supporting Files";
			sourceTree = "<group>";
		};
		700B79D4216E7A990026D7E8 /* Controller */ = {
			isa = PBXGroup;
			children = (
				700B79D7216E7AF70026D7E8 /* ChatVC.swift */,
				700B79D9216E7B0C0026D7E8 /* ChannelVC.swift */,
				703590D621704A43000A1711 /* LoginVC.swift */,
				70C1C2672170EF5900244C34 /* CreateAccountVC.swift */,
			);
			path = Controller;
			sourceTree = "<group>";
		};
		700B79D5216E7AA10026D7E8 /* View */ = {
			isa = PBXGroup;
			children = (
				703590D1216EA369000A1711 /* GradientView.swift */,
			);
			path = View;
			sourceTree = "<group>";
		};
		700B79D6216E7AA90026D7E8 /* Model */ = {
			isa = PBXGroup;
			children = (
			);
			path = Model;
			sourceTree = "<group>";
		};
		703590D3217043CE000A1711 /* Utilities */ = {
			isa = PBXGroup;
			children = (
				703590D421704413000A1711 /* Constants.swift */,
			);
			path = Utilities;
			sourceTree = "<group>";
		};
		BAA6D8542A04E22459F32F6A /* Pods */ = {
			isa = PBXGroup;
			children = (
				0E41CB0E38840AF381812103 /* Pods-Smack1.1.debug.xcconfig */,
				85BEF00898827C07F1B1EEAC /* Pods-Smack1.1.release.xcconfig */,
			);
			name = Pods;
			sourceTree = "<group>";
		};
		CA83D3D68A711ED852B4E138 /* Frameworks */ = {
			isa = PBXGroup;
			children = (
				AC2A6B83F4896ADAF1045638 /* Pods_Smack1_1.framework */,
			);
			name = Frameworks;
			sourceTree = "<group>";
		};
/* End PBXGroup section */

/* Begin PBXNativeTarget section */
		700B79B9216E70C40026D7E8 /* Smack1.1 */ = {
			isa = PBXNativeTarget;
			buildConfigurationList = 700B79CC216E70C50026D7E8 /* Build configuration list for PBXNativeTarget "Smack1.1" */;
			buildPhases = (
				1AC322E5665EDFD21D52AB8F /* [CP] Check Pods Manifest.lock */,
				700B79B6216E70C40026D7E8 /* Sources */,
				700B79B7216E70C40026D7E8 /* Frameworks */,
				700B79B8216E70C40026D7E8 /* Resources */,
				2DEB1FA15E6738BEFC565770 /* [CP] Embed Pods Frameworks */,
			);
			buildRules = (
			);
			dependencies = (
			);
			name = Smack1.1;
			productName = Smack1.1;
			productReference = 700B79BA216E70C40026D7E8 /* Smack1.1.app */;
			productType = "com.apple.product-type.application";
		};
/* End PBXNativeTarget section */

/* Begin PBXProject section */
		700B79B2216E70C40026D7E8 /* Project object */ = {
			isa = PBXProject;
			attributes = {
				LastSwiftUpdateCheck = 1000;
				LastUpgradeCheck = 1000;
				ORGANIZATIONNAME = "Miguel Rodriguez";
				TargetAttributes = {
					700B79B9216E70C40026D7E8 = {
						CreatedOnToolsVersion = 10.0;
						LastSwiftMigration = 1000;
					};
				};
			};
			buildConfigurationList = 700B79B5216E70C40026D7E8 /* Build configuration list for PBXProject "Smack1.1" */;
			compatibilityVersion = "Xcode 9.3";
			developmentRegion = en;
			hasScannedForEncodings = 0;
			knownRegions = (
				en,
				Base,
			);
			mainGroup = 700B79B1216E70C40026D7E8;
			productRefGroup = 700B79BB216E70C40026D7E8 /* Products */;
			projectDirPath = "";
			projectRoot = "";
			targets = (
				700B79B9216E70C40026D7E8 /* Smack1.1 */,
			);
		};
/* End PBXProject section */

/* Begin PBXResourcesBuildPhase section */
		700B79B8216E70C40026D7E8 /* Resources */ = {
			isa = PBXResourcesBuildPhase;
			buildActionMask = 2147483647;
			files = (
				700B79C8216E70C50026D7E8 /* LaunchScreen.storyboard in Resources */,
				700B79C5216E70C50026D7E8 /* Assets.xcassets in Resources */,
				700B79C3216E70C40026D7E8 /* Main.storyboard in Resources */,
			);
			runOnlyForDeploymentPostprocessing = 0;
		};
/* End PBXResourcesBuildPhase section */

/* Begin PBXShellScriptBuildPhase section */
		1AC322E5665EDFD21D52AB8F /* [CP] Check Pods Manifest.lock */ = {
			isa = PBXShellScriptBuildPhase;
			buildActionMask = 2147483647;
			files = (
			);
			inputPaths = (
				"${PODS_PODFILE_DIR_PATH}/Podfile.lock",
				"${PODS_ROOT}/Manifest.lock",
			);
			name = "[CP] Check Pods Manifest.lock";
			outputPaths = (
				"$(DERIVED_FILE_DIR)/Pods-Smack1.1-checkManifestLockResult.txt",
			);
			runOnlyForDeploymentPostprocessing = 0;
			shellPath = /bin/sh;
			shellScript = "diff \"${PODS_PODFILE_DIR_PATH}/Podfile.lock\" \"${PODS_ROOT}/Manifest.lock\" > /dev/null\nif [ $? != 0 ] ; then\n    # print error to STDERR\n    echo \"error: The sandbox is not in sync with the Podfile.lock. Run 'pod install' or update your CocoaPods installation.\" >&2\n    exit 1\nfi\n# This output is used by Xcode 'outputs' to avoid re-running this script phase.\necho \"SUCCESS\" > \"${SCRIPT_OUTPUT_FILE_0}\"\n";
			showEnvVarsInLog = 0;
		};
		2DEB1FA15E6738BEFC565770 /* [CP] Embed Pods Frameworks */ = {
			isa = PBXShellScriptBuildPhase;
			buildActionMask = 2147483647;
			files = (
			);
			inputPaths = (
				"${SRCROOT}/Pods/Target Support Files/Pods-Smack1.1/Pods-Smack1.1-frameworks.sh",
				"${BUILT_PRODUCTS_DIR}/Alamofire/Alamofire.framework",
				"${BUILT_PRODUCTS_DIR}/Socket.IO-Client-Swift/SocketIO.framework",
				"${BUILT_PRODUCTS_DIR}/Starscream/Starscream.framework",
				"${BUILT_PRODUCTS_DIR}/SwiftyJSON/SwiftyJSON.framework",
			);
			name = "[CP] Embed Pods Frameworks";
			outputPaths = (
				"${TARGET_BUILD_DIR}/${FRAMEWORKS_FOLDER_PATH}/Alamofire.framework",
				"${TARGET_BUILD_DIR}/${FRAMEWORKS_FOLDER_PATH}/SocketIO.framework",
				"${TARGET_BUILD_DIR}/${FRAMEWORKS_FOLDER_PATH}/Starscream.framework",
				"${TARGET_BUILD_DIR}/${FRAMEWORKS_FOLDER_PATH}/SwiftyJSON.framework",
			);
			runOnlyForDeploymentPostprocessing = 0;
			shellPath = /bin/sh;
			shellScript = "\"${SRCROOT}/Pods/Target Support Files/Pods-Smack1.1/Pods-Smack1.1-frameworks.sh\"\n";
			showEnvVarsInLog = 0;
		};
/* End PBXShellScriptBuildPhase section */

/* Begin PBXSourcesBuildPhase section */
		700B79B6216E70C40026D7E8 /* Sources */ = {
			isa = PBXSourcesBuildPhase;
			buildActionMask = 2147483647;
			files = (
				700B79DA216E7B0C0026D7E8 /* ChannelVC.swift in Sources */,
				700B79D8216E7AF70026D7E8 /* ChatVC.swift in Sources */,
				70C1C2682170EF5900244C34 /* CreateAccountVC.swift in Sources */,
				703590D721704A43000A1711 /* LoginVC.swift in Sources */,
				703590D2216EA369000A1711 /* GradientView.swift in Sources */,
				700B79BE216E70C40026D7E8 /* AppDelegate.swift in Sources */,
				700B79D3216E73CB0026D7E8 /* SWRevealViewController.m in Sources */,
				703590D521704413000A1711 /* Constants.swift in Sources */,
			);
			runOnlyForDeploymentPostprocessing = 0;
		};
/* End PBXSourcesBuildPhase section */

/* Begin PBXVariantGroup section */
		700B79C1216E70C40026D7E8 /* Main.storyboard */ = {
			isa = PBXVariantGroup;
			children = (
				700B79C2216E70C40026D7E8 /* Base */,
			);
			name = Main.storyboard;
			sourceTree = "<group>";
		};
		700B79C6216E70C50026D7E8 /* LaunchScreen.storyboard */ = {
			isa = PBXVariantGroup;
			children = (
				700B79C7216E70C50026D7E8 /* Base */,
			);
			name = LaunchScreen.storyboard;
			sourceTree = "<group>";
		};
/* End PBXVariantGroup section */

/* Begin XCBuildConfiguration section */
		700B79CA216E70C50026D7E8 /* Debug */ = {
			isa = XCBuildConfiguration;
			buildSettings = {
				ALWAYS_SEARCH_USER_PATHS = NO;
				CLANG_ANALYZER_NONNULL = YES;
				CLANG_ANALYZER_NUMBER_OBJECT_CONVERSION = YES_AGGRESSIVE;
				CLANG_CXX_LANGUAGE_STANDARD = "gnu++14";
				CLANG_CXX_LIBRARY = "libc++";
				CLANG_ENABLE_MODULES = YES;
				CLANG_ENABLE_OBJC_ARC = YES;
				CLANG_ENABLE_OBJC_WEAK = YES;
				CLANG_WARN_BLOCK_CAPTURE_AUTORELEASING = YES;
				CLANG_WARN_BOOL_CONVERSION = YES;
				CLANG_WARN_COMMA = YES;
				CLANG_WARN_CONSTANT_CONVERSION = YES;
				CLANG_WARN_DEPRECATED_OBJC_IMPLEMENTATIONS = YES;
				CLANG_WARN_DIRECT_OBJC_ISA_USAGE = YES_ERROR;
				CLANG_WARN_DOCUMENTATION_COMMENTS = YES;
				CLANG_WARN_EMPTY_BODY = YES;
				CLANG_WARN_ENUM_CONVERSION = YES;
				CLANG_WARN_INFINITE_RECURSION = YES;
				CLANG_WARN_INT_CONVERSION = YES;
				CLANG_WARN_NON_LITERAL_NULL_CONVERSION = YES;
				CLANG_WARN_OBJC_IMPLICIT_RETAIN_SELF = YES;
				CLANG_WARN_OBJC_LITERAL_CONVERSION = YES;
				CLANG_WARN_OBJC_ROOT_CLASS = YES_ERROR;
				CLANG_WARN_RANGE_LOOP_ANALYSIS = YES;
				CLANG_WARN_STRICT_PROTOTYPES = YES;
				CLANG_WARN_SUSPICIOUS_MOVE = YES;
				CLANG_WARN_UNGUARDED_AVAILABILITY = YES_AGGRESSIVE;
				CLANG_WARN_UNREACHABLE_CODE = YES;
				CLANG_WARN__DUPLICATE_METHOD_MATCH = YES;
				CODE_SIGN_IDENTITY = "iPhone Developer";
				COPY_PHASE_STRIP = NO;
				DEBUG_INFORMATION_FORMAT = dwarf;
				ENABLE_STRICT_OBJC_MSGSEND = YES;
				ENABLE_TESTABILITY = YES;
				GCC_C_LANGUAGE_STANDARD = gnu11;
				GCC_DYNAMIC_NO_PIC = NO;
				GCC_NO_COMMON_BLOCKS = YES;
				GCC_OPTIMIZATION_LEVEL = 0;
				GCC_PREPROCESSOR_DEFINITIONS = (
					"DEBUG=1",
					"$(inherited)",
				);
				GCC_WARN_64_TO_32_BIT_CONVERSION = YES;
				GCC_WARN_ABOUT_RETURN_TYPE = YES_ERROR;
				GCC_WARN_UNDECLARED_SELECTOR = YES;
				GCC_WARN_UNINITIALIZED_AUTOS = YES_AGGRESSIVE;
				GCC_WARN_UNUSED_FUNCTION = YES;
				GCC_WARN_UNUSED_VARIABLE = YES;
				IPHONEOS_DEPLOYMENT_TARGET = 12.0;
				MTL_ENABLE_DEBUG_INFO = INCLUDE_SOURCE;
				MTL_FAST_MATH = YES;
				ONLY_ACTIVE_ARCH = YES;
				SDKROOT = iphoneos;
				SWIFT_ACTIVE_COMPILATION_CONDITIONS = DEBUG;
				SWIFT_OPTIMIZATION_LEVEL = "-Onone";
			};
			name = Debug;
		};
		700B79CB216E70C50026D7E8 /* Release */ = {
			isa = XCBuildConfiguration;
			buildSettings = {
				ALWAYS_SEARCH_USER_PATHS = NO;
				CLANG_ANALYZER_NONNULL = YES;
				CLANG_ANALYZER_NUMBER_OBJECT_CONVERSION = YES_AGGRESSIVE;
				CLANG_CXX_LANGUAGE_STANDARD = "gnu++14";
				CLANG_CXX_LIBRARY = "libc++";
				CLANG_ENABLE_MODULES = YES;
				CLANG_ENABLE_OBJC_ARC = YES;
				CLANG_ENABLE_OBJC_WEAK = YES;
				CLANG_WARN_BLOCK_CAPTURE_AUTORELEASING = YES;
				CLANG_WARN_BOOL_CONVERSION = YES;
				CLANG_WARN_COMMA = YES;
				CLANG_WARN_CONSTANT_CONVERSION = YES;
				CLANG_WARN_DEPRECATED_OBJC_IMPLEMENTATIONS = YES;
				CLANG_WARN_DIRECT_OBJC_ISA_USAGE = YES_ERROR;
				CLANG_WARN_DOCUMENTATION_COMMENTS = YES;
				CLANG_WARN_EMPTY_BODY = YES;
				CLANG_WARN_ENUM_CONVERSION = YES;
				CLANG_WARN_INFINITE_RECURSION = YES;
				CLANG_WARN_INT_CONVERSION = YES;
				CLANG_WARN_NON_LITERAL_NULL_CONVERSION = YES;
				CLANG_WARN_OBJC_IMPLICIT_RETAIN_SELF = YES;
				CLANG_WARN_OBJC_LITERAL_CONVERSION = YES;
				CLANG_WARN_OBJC_ROOT_CLASS = YES_ERROR;
				CLANG_WARN_RANGE_LOOP_ANALYSIS = YES;
				CLANG_WARN_STRICT_PROTOTYPES = YES;
				CLANG_WARN_SUSPICIOUS_MOVE = YES;
				CLANG_WARN_UNGUARDED_AVAILABILITY = YES_AGGRESSIVE;
				CLANG_WARN_UNREACHABLE_CODE = YES;
				CLANG_WARN__DUPLICATE_METHOD_MATCH = YES;
				CODE_SIGN_IDENTITY = "iPhone Developer";
				COPY_PHASE_STRIP = NO;
				DEBUG_INFORMATION_FORMAT = "dwarf-with-dsym";
				ENABLE_NS_ASSERTIONS = NO;
				ENABLE_STRICT_OBJC_MSGSEND = YES;
				GCC_C_LANGUAGE_STANDARD = gnu11;
				GCC_NO_COMMON_BLOCKS = YES;
				GCC_WARN_64_TO_32_BIT_CONVERSION = YES;
				GCC_WARN_ABOUT_RETURN_TYPE = YES_ERROR;
				GCC_WARN_UNDECLARED_SELECTOR = YES;
				GCC_WARN_UNINITIALIZED_AUTOS = YES_AGGRESSIVE;
				GCC_WARN_UNUSED_FUNCTION = YES;
				GCC_WARN_UNUSED_VARIABLE = YES;
				IPHONEOS_DEPLOYMENT_TARGET = 12.0;
				MTL_ENABLE_DEBUG_INFO = NO;
				MTL_FAST_MATH = YES;
				SDKROOT = iphoneos;
				SWIFT_COMPILATION_MODE = wholemodule;
				SWIFT_OPTIMIZATION_LEVEL = "-O";
				VALIDATE_PRODUCT = YES;
			};
			name = Release;
		};
		700B79CD216E70C50026D7E8 /* Debug */ = {
			isa = XCBuildConfiguration;
			baseConfigurationReference = 0E41CB0E38840AF381812103 /* Pods-Smack1.1.debug.xcconfig */;
			buildSettings = {
				ASSETCATALOG_COMPILER_APPICON_NAME = AppIcon;
				CLANG_ENABLE_MODULES = YES;
				CODE_SIGN_STYLE = Automatic;
				DEVELOPMENT_TEAM = 5853WBMGC4;
				INFOPLIST_FILE = Smack1.1/Info.plist;
				LD_RUNPATH_SEARCH_PATHS = (
					"$(inherited)",
					"@executable_path/Frameworks",
				);
				PRODUCT_BUNDLE_IDENTIFIER = "com.miguelrodriguez.Smack1-1";
				PRODUCT_NAME = "$(TARGET_NAME)";
				SWIFT_OBJC_BRIDGING_HEADER = "Smack1.1/Supporting Files/Smack1.1-Bridging-Header.h";
				SWIFT_OPTIMIZATION_LEVEL = "-Onone";
				SWIFT_VERSION = 4.2;
				TARGETED_DEVICE_FAMILY = "1,2";
			};
			name = Debug;
		};
		700B79CE216E70C50026D7E8 /* Release */ = {
			isa = XCBuildConfiguration;
			baseConfigurationReference = 85BEF00898827C07F1B1EEAC /* Pods-Smack1.1.release.xcconfig */;
			buildSettings = {
				ASSETCATALOG_COMPILER_APPICON_NAME = AppIcon;
				CLANG_ENABLE_MODULES = YES;
				CODE_SIGN_STYLE = Automatic;
				DEVELOPMENT_TEAM = 5853WBMGC4;
				INFOPLIST_FILE = Smack1.1/Info.plist;
				LD_RUNPATH_SEARCH_PATHS = (
					"$(inherited)",
					"@executable_path/Frameworks",
				);
				PRODUCT_BUNDLE_IDENTIFIER = "com.miguelrodriguez.Smack1-1";
				PRODUCT_NAME = "$(TARGET_NAME)";
				SWIFT_OBJC_BRIDGING_HEADER = "Smack1.1/Supporting Files/Smack1.1-Bridging-Header.h";
				SWIFT_VERSION = 4.2;
				TARGETED_DEVICE_FAMILY = "1,2";
			};
			name = Release;
		};
/* End XCBuildConfiguration section */

/* Begin XCConfigurationList section */
		700B79B5216E70C40026D7E8 /* Build configuration list for PBXProject "Smack1.1" */ = {
			isa = XCConfigurationList;
			buildConfigurations = (
				700B79CA216E70C50026D7E8 /* Debug */,
				700B79CB216E70C50026D7E8 /* Release */,
			);
			defaultConfigurationIsVisible = 0;
			defaultConfigurationName = Release;
		};
		700B79CC216E70C50026D7E8 /* Build configuration list for PBXNativeTarget "Smack1.1" */ = {
			isa = XCConfigurationList;
			buildConfigurations = (
				700B79CD216E70C50026D7E8 /* Debug */,
				700B79CE216E70C50026D7E8 /* Release */,
			);
			defaultConfigurationIsVisible = 0;
			defaultConfigurationName = Release;
		};
/* End XCConfigurationList section */
	};
	rootObject = 700B79B2216E70C40026D7E8 /* Project object */;
}
